// !$*UTF8*$!
{
	archiveVersion = 1;
	classes = {
	};
	objectVersion = 46;
	objects = {

/* Begin PBXBuildFile section */
		E070043D1A546B480011E1FB /* Camera.cpp in Sources */ = {isa = PBXBuildFile; fileRef = E070043B1A546B480011E1FB /* Camera.cpp */; };
		E07004401A5595700011E1FB /* ProjectiveCamera.cpp in Sources */ = {isa = PBXBuildFile; fileRef = E070043E1A5595700011E1FB /* ProjectiveCamera.cpp */; };
		E09BF2781A506E2F0012CF78 /* Sphere.cpp in Sources */ = {isa = PBXBuildFile; fileRef = E09BF2761A506E2F0012CF78 /* Sphere.cpp */; };
		E0E825BB1A4F0BFB00C4FF06 /* Ray.cpp in Sources */ = {isa = PBXBuildFile; fileRef = E0E825B91A4F0BFB00C4FF06 /* Ray.cpp */; };
		E0E825BE1A4F10DA00C4FF06 /* Transform.cpp in Sources */ = {isa = PBXBuildFile; fileRef = E0E825BC1A4F10DA00C4FF06 /* Transform.cpp */; };
		E0FC86771A4F4270007615C7 /* Shape.cpp in Sources */ = {isa = PBXBuildFile; fileRef = E0FC86751A4F4270007615C7 /* Shape.cpp */; };
/* End PBXBuildFile section */

/* Begin PBXCopyFilesBuildPhase section */
		E07718B31A10CD480020A0D8 /* CopyFiles */ = {
			isa = PBXCopyFilesBuildPhase;
			buildActionMask = 2147483647;
			dstPath = /usr/share/man/man1/;
			dstSubfolderSpec = 0;
			files = (
			);
			runOnlyForDeploymentPostprocessing = 1;
		};
/* End PBXCopyFilesBuildPhase section */

/* Begin PBXFileReference section */
		E070043B1A546B480011E1FB /* Camera.cpp */ = {isa = PBXFileReference; fileEncoding = 4; lastKnownFileType = sourcecode.cpp.cpp; path = Camera.cpp; sourceTree = SOURCE_ROOT; };
		E070043C1A546B480011E1FB /* Camera.h */ = {isa = PBXFileReference; fileEncoding = 4; lastKnownFileType = sourcecode.c.h; path = Camera.h; sourceTree = SOURCE_ROOT; };
		E070043E1A5595700011E1FB /* ProjectiveCamera.cpp */ = {isa = PBXFileReference; fileEncoding = 4; lastKnownFileType = sourcecode.cpp.cpp; path = ProjectiveCamera.cpp; sourceTree = SOURCE_ROOT; };
		E070043F1A5595700011E1FB /* ProjectiveCamera.h */ = {isa = PBXFileReference; fileEncoding = 4; lastKnownFileType = sourcecode.c.h; path = ProjectiveCamera.h; sourceTree = SOURCE_ROOT; };
		E07718B51A10CD480020A0D8 /* RayTracer */ = {isa = PBXFileReference; explicitFileType = "compiled.mach-o.executable"; includeInIndex = 0; path = RayTracer; sourceTree = BUILT_PRODUCTS_DIR; };
		E09BF2761A506E2F0012CF78 /* Sphere.cpp */ = {isa = PBXFileReference; fileEncoding = 4; lastKnownFileType = sourcecode.cpp.cpp; path = Sphere.cpp; sourceTree = SOURCE_ROOT; };
		E09BF2771A506E2F0012CF78 /* Sphere.h */ = {isa = PBXFileReference; fileEncoding = 4; lastKnownFileType = sourcecode.c.h; path = Sphere.h; sourceTree = SOURCE_ROOT; };
		E0E825B91A4F0BFB00C4FF06 /* Ray.cpp */ = {isa = PBXFileReference; fileEncoding = 4; lastKnownFileType = sourcecode.cpp.cpp; path = Ray.cpp; sourceTree = SOURCE_ROOT; };
		E0E825BA1A4F0BFB00C4FF06 /* Ray.h */ = {isa = PBXFileReference; fileEncoding = 4; lastKnownFileType = sourcecode.c.h; path = Ray.h; sourceTree = SOURCE_ROOT; };
		E0E825BC1A4F10DA00C4FF06 /* Transform.cpp */ = {isa = PBXFileReference; fileEncoding = 4; lastKnownFileType = sourcecode.cpp.cpp; path = Transform.cpp; sourceTree = SOURCE_ROOT; };
		E0E825BD1A4F10DA00C4FF06 /* Transform.h */ = {isa = PBXFileReference; fileEncoding = 4; lastKnownFileType = sourcecode.c.h; path = Transform.h; sourceTree = SOURCE_ROOT; };
		E0E825BF1A4F110300C4FF06 /* RayTracer.h */ = {isa = PBXFileReference; lastKnownFileType = sourcecode.c.h; path = RayTracer.h; sourceTree = SOURCE_ROOT; };
		E0FC86751A4F4270007615C7 /* Shape.cpp */ = {isa = PBXFileReference; fileEncoding = 4; lastKnownFileType = sourcecode.cpp.cpp; path = Shape.cpp; sourceTree = SOURCE_ROOT; };
		E0FC86761A4F4270007615C7 /* Shape.h */ = {isa = PBXFileReference; fileEncoding = 4; lastKnownFileType = sourcecode.c.h; path = Shape.h; sourceTree = SOURCE_ROOT; };
/* End PBXFileReference section */

/* Begin PBXFrameworksBuildPhase section */
		E07718B21A10CD480020A0D8 /* Frameworks */ = {
			isa = PBXFrameworksBuildPhase;
			buildActionMask = 2147483647;
			files = (
			);
			runOnlyForDeploymentPostprocessing = 0;
		};
/* End PBXFrameworksBuildPhase section */

/* Begin PBXGroup section */
		E07718AC1A10CD480020A0D8 = {
			isa = PBXGroup;
			children = (
				E07718B71A10CD480020A0D8 /* RayTracer */,
				E07718B61A10CD480020A0D8 /* Products */,
			);
			sourceTree = "<group>";
		};
		E07718B61A10CD480020A0D8 /* Products */ = {
			isa = PBXGroup;
			children = (
				E07718B51A10CD480020A0D8 /* RayTracer */,
			);
			name = Products;
			sourceTree = "<group>";
		};
		E07718B71A10CD480020A0D8 /* RayTracer */ = {
			isa = PBXGroup;
			children = (
				E0E825B91A4F0BFB00C4FF06 /* Ray.cpp */,
				E0E825BA1A4F0BFB00C4FF06 /* Ray.h */,
				E0E825BC1A4F10DA00C4FF06 /* Transform.cpp */,
				E0E825BD1A4F10DA00C4FF06 /* Transform.h */,
				E0E825BF1A4F110300C4FF06 /* RayTracer.h */,
				E070043B1A546B480011E1FB /* Camera.cpp */,
				E070043C1A546B480011E1FB /* Camera.h */,
				E070043E1A5595700011E1FB /* ProjectiveCamera.cpp */,
				E070043F1A5595700011E1FB /* ProjectiveCamera.h */,
				E0FC86751A4F4270007615C7 /* Shape.cpp */,
				E0FC86761A4F4270007615C7 /* Shape.h */,
				E09BF2761A506E2F0012CF78 /* Sphere.cpp */,
				E09BF2771A506E2F0012CF78 /* Sphere.h */,
			);
			path = RayTracer;
			sourceTree = "<group>";
		};
/* End PBXGroup section */

/* Begin PBXNativeTarget section */
		E07718B41A10CD480020A0D8 /* RayTracer */ = {
			isa = PBXNativeTarget;
			buildConfigurationList = E07718BC1A10CD480020A0D8 /* Build configuration list for PBXNativeTarget "RayTracer" */;
			buildPhases = (
				E07718B11A10CD480020A0D8 /* Sources */,
				E07718B21A10CD480020A0D8 /* Frameworks */,
				E07718B31A10CD480020A0D8 /* CopyFiles */,
			);
			buildRules = (
			);
			dependencies = (
			);
			name = RayTracer;
			productName = RayTracer;
			productReference = E07718B51A10CD480020A0D8 /* RayTracer */;
			productType = "com.apple.product-type.tool";
		};
/* End PBXNativeTarget section */

/* Begin PBXProject section */
		E07718AD1A10CD480020A0D8 /* Project object */ = {
			isa = PBXProject;
			attributes = {
				LastUpgradeCheck = 0610;
				ORGANIZATIONNAME = "Gabriele Carrettoni";
				TargetAttributes = {
					E07718B41A10CD480020A0D8 = {
						CreatedOnToolsVersion = 6.1;
					};
				};
			};
			buildConfigurationList = E07718B01A10CD480020A0D8 /* Build configuration list for PBXProject "RayTracer" */;
			compatibilityVersion = "Xcode 3.2";
			developmentRegion = English;
			hasScannedForEncodings = 0;
			knownRegions = (
				en,
			);
			mainGroup = E07718AC1A10CD480020A0D8;
			productRefGroup = E07718B61A10CD480020A0D8 /* Products */;
			projectDirPath = "";
			projectRoot = "";
			targets = (
				E07718B41A10CD480020A0D8 /* RayTracer */,
			);
		};
/* End PBXProject section */

/* Begin PBXSourcesBuildPhase section */
		E07718B11A10CD480020A0D8 /* Sources */ = {
			isa = PBXSourcesBuildPhase;
			buildActionMask = 2147483647;
			files = (
				E0E825BE1A4F10DA00C4FF06 /* Transform.cpp in Sources */,
				E0E825BB1A4F0BFB00C4FF06 /* Ray.cpp in Sources */,
				E070043D1A546B480011E1FB /* Camera.cpp in Sources */,
				E07004401A5595700011E1FB /* ProjectiveCamera.cpp in Sources */,
				E09BF2781A506E2F0012CF78 /* Sphere.cpp in Sources */,
				E0FC86771A4F4270007615C7 /* Shape.cpp in Sources */,
			);
			runOnlyForDeploymentPostprocessing = 0;
		};
/* End PBXSourcesBuildPhase section */

/* Begin XCBuildConfiguration section */
		E07718BA1A10CD480020A0D8 /* Debug */ = {
			isa = XCBuildConfiguration;
			buildSettings = {
				ALWAYS_SEARCH_USER_PATHS = NO;
				CLANG_CXX_LANGUAGE_STANDARD = "gnu++0x";
				CLANG_CXX_LIBRARY = "libc++";
				CLANG_ENABLE_MODULES = YES;
				CLANG_ENABLE_OBJC_ARC = YES;
				CLANG_WARN_BOOL_CONVERSION = YES;
				CLANG_WARN_CONSTANT_CONVERSION = YES;
				CLANG_WARN_DIRECT_OBJC_ISA_USAGE = YES_ERROR;
				CLANG_WARN_EMPTY_BODY = YES;
				CLANG_WARN_ENUM_CONVERSION = YES;
				CLANG_WARN_INT_CONVERSION = YES;
				CLANG_WARN_OBJC_ROOT_CLASS = YES_ERROR;
				CLANG_WARN_UNREACHABLE_CODE = YES;
				CLANG_WARN__DUPLICATE_METHOD_MATCH = YES;
				COPY_PHASE_STRIP = NO;
				ENABLE_STRICT_OBJC_MSGSEND = YES;
				GCC_C_LANGUAGE_STANDARD = gnu99;
				GCC_DYNAMIC_NO_PIC = NO;
				GCC_OPTIMIZATION_LEVEL = 0;
				GCC_PREPROCESSOR_DEFINITIONS = (
					"DEBUG=1",
					"$(inherited)",
				);
				GCC_SYMBOLS_PRIVATE_EXTERN = NO;
				GCC_WARN_64_TO_32_BIT_CONVERSION = YES;
				GCC_WARN_ABOUT_RETURN_TYPE = YES_ERROR;
				GCC_WARN_UNDECLARED_SELECTOR = YES;
				GCC_WARN_UNINITIALIZED_AUTOS = YES_AGGRESSIVE;
				GCC_WARN_UNUSED_FUNCTION = YES;
				GCC_WARN_UNUSED_VARIABLE = YES;
				MACOSX_DEPLOYMENT_TARGET = 10.10;
				MTL_ENABLE_DEBUG_INFO = YES;
				ONLY_ACTIVE_ARCH = YES;
				SDKROOT = macosx;
			};
			name = Debug;
		};
		E07718BB1A10CD480020A0D8 /* Release */ = {
			isa = XCBuildConfiguration;
			buildSettings = {
				ALWAYS_SEARCH_USER_PATHS = NO;
				CLANG_CXX_LANGUAGE_STANDARD = "gnu++0x";
				CLANG_CXX_LIBRARY = "libc++";
				CLANG_ENABLE_MODULES = YES;
				CLANG_ENABLE_OBJC_ARC = YES;
				CLANG_WARN_BOOL_CONVERSION = YES;
				CLANG_WARN_CONSTANT_CONVERSION = YES;
				CLANG_WARN_DIRECT_OBJC_ISA_USAGE = YES_ERROR;
				CLANG_WARN_EMPTY_BODY = YES;
				CLANG_WARN_ENUM_CONVERSION = YES;
				CLANG_WARN_INT_CONVERSION = YES;
				CLANG_WARN_OBJC_ROOT_CLASS = YES_ERROR;
				CLANG_WARN_UNREACHABLE_CODE = YES;
				CLANG_WARN__DUPLICATE_METHOD_MATCH = YES;
				COPY_PHASE_STRIP = YES;
				DEBUG_INFORMATION_FORMAT = "dwarf-with-dsym";
				ENABLE_NS_ASSERTIONS = NO;
				ENABLE_STRICT_OBJC_MSGSEND = YES;
				GCC_C_LANGUAGE_STANDARD = gnu99;
				GCC_WARN_64_TO_32_BIT_CONVERSION = YES;
				GCC_WARN_ABOUT_RETURN_TYPE = YES_ERROR;
				GCC_WARN_UNDECLARED_SELECTOR = YES;
				GCC_WARN_UNINITIALIZED_AUTOS = YES_AGGRESSIVE;
				GCC_WARN_UNUSED_FUNCTION = YES;
				GCC_WARN_UNUSED_VARIABLE = YES;
				MACOSX_DEPLOYMENT_TARGET = 10.10;
				MTL_ENABLE_DEBUG_INFO = NO;
				SDKROOT = macosx;
			};
			name = Release;
		};
		E07718BD1A10CD480020A0D8 /* Debug */ = {
			isa = XCBuildConfiguration;
			buildSettings = {
				ALWAYS_SEARCH_USER_PATHS = YES;
				PRODUCT_NAME = "$(TARGET_NAME)";
				USER_HEADER_SEARCH_PATHS = /usr/local/include;
			};
			name = Debug;
		};
		E07718BE1A10CD480020A0D8 /* Release */ = {
			isa = XCBuildConfiguration;
			buildSettings = {
				ALWAYS_SEARCH_USER_PATHS = YES;
				PRODUCT_NAME = "$(TARGET_NAME)";
				USER_HEADER_SEARCH_PATHS = /usr/local/include;
			};
			name = Release;
		};
/* End XCBuildConfiguration section */

/* Begin XCConfigurationList section */
		E07718B01A10CD480020A0D8 /* Build configuration list for PBXProject "RayTracer" */ = {
			isa = XCConfigurationList;
			buildConfigurations = (
				E07718BA1A10CD480020A0D8 /* Debug */,
				E07718BB1A10CD480020A0D8 /* Release */,
			);
			defaultConfigurationIsVisible = 0;
			defaultConfigurationName = Release;
		};
		E07718BC1A10CD480020A0D8 /* Build configuration list for PBXNativeTarget "RayTracer" */ = {
			isa = XCConfigurationList;
			buildConfigurations = (
				E07718BD1A10CD480020A0D8 /* Debug */,
				E07718BE1A10CD480020A0D8 /* Release */,
			);
			defaultConfigurationIsVisible = 0;
			defaultConfigurationName = Release;
		};
/* End XCConfigurationList section */
	};
	rootObject = E07718AD1A10CD480020A0D8 /* Project object */;
}
